
Microsoft Visual Studio Solution File, Format Version 12.00
# Visual Studio Version 17
VisualStudioVersion = 17.6.33829.357
MinimumVisualStudioVersion = 10.0.40219.1
Project("{9A19103F-16F7-4668-BE54-9A1E7A4F7556}") = "Console", "Console\Console.csproj", "{4985BAEA-FBF5-4F7E-B227-73D7622376BC}"
EndProject
Project("{9A19103F-16F7-4668-BE54-9A1E7A4F7556}") = "Library", "Library\Library.csproj", "{DA456F91-558E-467C-9E34-E11D4377978F}"
EndProject
Project("{9A19103F-16F7-4668-BE54-9A1E7A4F7556}") = "NullHandling", "NullHandling\NullHandling.csproj", "{81E51E11-BE24-40B4-B05E-DA2E106B340E}"
EndProject
Global
	GlobalSection(SolutionConfigurationPlatforms) = preSolution
		Debug|Any CPU = Debug|Any CPU
		Release|Any CPU = Release|Any CPU
	EndGlobalSection
	GlobalSection(ProjectConfigurationPlatforms) = postSolution
		{4985BAEA-FBF5-4F7E-B227-73D7622376BC}.Debug|Any CPU.ActiveCfg = Debug|Any CPU
		{4985BAEA-FBF5-4F7E-B227-73D7622376BC}.Debug|Any CPU.Build.0 = Debug|Any CPU
		{4985BAEA-FBF5-4F7E-B227-73D7622376BC}.Release|Any CPU.ActiveCfg = Release|Any CPU
		{4985BAEA-FBF5-4F7E-B227-73D7622376BC}.Release|Any CPU.Build.0 = Release|Any CPU
		{DA456F91-558E-467C-9E34-E11D4377978F}.Debug|Any CPU.ActiveCfg = Debug|Any CPU
		{DA456F91-558E-467C-9E34-E11D4377978F}.Debug|Any CPU.Build.0 = Debug|Any CPU
		{DA456F91-558E-467C-9E34-E11D4377978F}.Release|Any CPU.ActiveCfg = Release|Any CPU
		{DA456F91-558E-467C-9E34-E11D4377978F}.Release|Any CPU.Build.0 = Release|Any CPU
		{81E51E11-BE24-40B4-B05E-DA2E106B340E}.Debug|Any CPU.ActiveCfg = Debug|Any CPU
		{81E51E11-BE24-40B4-B05E-DA2E106B340E}.Debug|Any CPU.Build.0 = Debug|Any CPU
		{81E51E11-BE24-40B4-B05E-DA2E106B340E}.Release|Any CPU.ActiveCfg = Release|Any CPU
		{81E51E11-BE24-40B4-B05E-DA2E106B340E}.Release|Any CPU.Build.0 = Release|Any CPU
	EndGlobalSection
	GlobalSection(SolutionProperties) = preSolution
		HideSolutionNode = FALSE
	EndGlobalSection
	GlobalSection(ExtensibilityGlobals) = postSolution
		SolutionGuid = {7AF6796E-491F-430C-95A1-1FF9EA2B5574}
	EndGlobalSection
EndGlobal
